// !$*UTF8*$!
{
	archiveVersion = 1;
	classes = {
	};
	objectVersion = 50;
	objects = {

/* Begin PBXBuildFile section */
		6D1474EB2278B2EF005C8173 /* AppDelegate.swift in Sources */ = {isa = PBXBuildFile; fileRef = 6D1474EA2278B2EF005C8173 /* AppDelegate.swift */; };
		6D1474ED2278B2EF005C8173 /* ViewController.swift in Sources */ = {isa = PBXBuildFile; fileRef = 6D1474EC2278B2EF005C8173 /* ViewController.swift */; };
		6D1474F02278B2EF005C8173 /* Main.storyboard in Resources */ = {isa = PBXBuildFile; fileRef = 6D1474EE2278B2EF005C8173 /* Main.storyboard */; };
		6D1474F32278B2EF005C8173 /* MovieListWithCoreData.xcdatamodeld in Sources */ = {isa = PBXBuildFile; fileRef = 6D1474F12278B2EF005C8173 /* MovieListWithCoreData.xcdatamodeld */; };
		6D1474F52278B2F7005C8173 /* Assets.xcassets in Resources */ = {isa = PBXBuildFile; fileRef = 6D1474F42278B2F7005C8173 /* Assets.xcassets */; };
		6D1474F82278B2F7005C8173 /* LaunchScreen.storyboard in Resources */ = {isa = PBXBuildFile; fileRef = 6D1474F62278B2F7005C8173 /* LaunchScreen.storyboard */; };
		6D1475032278B4E7005C8173 /* MovieDetailsTableViewCell.swift in Sources */ = {isa = PBXBuildFile; fileRef = 6D1475022278B4E7005C8173 /* MovieDetailsTableViewCell.swift */; };
		6D1475052278B747005C8173 /* PersistentService.swift in Sources */ = {isa = PBXBuildFile; fileRef = 6D1475042278B746005C8173 /* PersistentService.swift */; };
		6D1475082278BA08005C8173 /* Movie+CoreDataClass.swift in Sources */ = {isa = PBXBuildFile; fileRef = 6D1475062278BA08005C8173 /* Movie+CoreDataClass.swift */; };
		6D1475092278BA08005C8173 /* Movie+CoreDataProperties.swift in Sources */ = {isa = PBXBuildFile; fileRef = 6D1475072278BA08005C8173 /* Movie+CoreDataProperties.swift */; };
		6D14750C2278BA89005C8173 /* APILogic.swift in Sources */ = {isa = PBXBuildFile; fileRef = 6D14750B2278BA89005C8173 /* APILogic.swift */; };
		6D14750E2278BE6F005C8173 /* MovieCodeable.swift in Sources */ = {isa = PBXBuildFile; fileRef = 6D14750D2278BE6F005C8173 /* MovieCodeable.swift */; };
		6D1475102278FE09005C8173 /* SplashScreenViewController.swift in Sources */ = {isa = PBXBuildFile; fileRef = 6D14750F2278FE09005C8173 /* SplashScreenViewController.swift */; };
		6D147512227909EC005C8173 /* DetailsViewController.swift in Sources */ = {isa = PBXBuildFile; fileRef = 6D147511227909EC005C8173 /* DetailsViewController.swift */; };
		6D1475142279943D005C8173 /* QReaderViewController.swift in Sources */ = {isa = PBXBuildFile; fileRef = 6D1475132279943D005C8173 /* QReaderViewController.swift */; };
		6D14751722799FE6005C8173 /* QR+CoreDataClass.swift in Sources */ = {isa = PBXBuildFile; fileRef = 6D14751522799FE6005C8173 /* QR+CoreDataClass.swift */; };
		6D14751822799FE6005C8173 /* QR+CoreDataProperties.swift in Sources */ = {isa = PBXBuildFile; fileRef = 6D14751622799FE6005C8173 /* QR+CoreDataProperties.swift */; };
/* End PBXBuildFile section */

/* Begin PBXFileReference section */
		6D1474E72278B2EF005C8173 /* MovieListWithCoreData.app */ = {isa = PBXFileReference; explicitFileType = wrapper.application; includeInIndex = 0; path = MovieListWithCoreData.app; sourceTree = BUILT_PRODUCTS_DIR; };
		6D1474EA2278B2EF005C8173 /* AppDelegate.swift */ = {isa = PBXFileReference; lastKnownFileType = sourcecode.swift; path = AppDelegate.swift; sourceTree = "<group>"; };
		6D1474EC2278B2EF005C8173 /* ViewController.swift */ = {isa = PBXFileReference; lastKnownFileType = sourcecode.swift; path = ViewController.swift; sourceTree = "<group>"; };
		6D1474EF2278B2EF005C8173 /* Base */ = {isa = PBXFileReference; lastKnownFileType = file.storyboard; name = Base; path = Base.lproj/Main.storyboard; sourceTree = "<group>"; };
		6D1474F22278B2EF005C8173 /* MovieListWithCoreData.xcdatamodel */ = {isa = PBXFileReference; lastKnownFileType = wrapper.xcdatamodel; path = MovieListWithCoreData.xcdatamodel; sourceTree = "<group>"; };
		6D1474F42278B2F7005C8173 /* Assets.xcassets */ = {isa = PBXFileReference; lastKnownFileType = folder.assetcatalog; path = Assets.xcassets; sourceTree = "<group>"; };
		6D1474F72278B2F7005C8173 /* Base */ = {isa = PBXFileReference; lastKnownFileType = file.storyboard; name = Base; path = Base.lproj/LaunchScreen.storyboard; sourceTree = "<group>"; };
		6D1474F92278B2F7005C8173 /* Info.plist */ = {isa = PBXFileReference; lastKnownFileType = text.plist.xml; path = Info.plist; sourceTree = "<group>"; };
		6D1475022278B4E7005C8173 /* MovieDetailsTableViewCell.swift */ = {isa = PBXFileReference; lastKnownFileType = sourcecode.swift; path = MovieDetailsTableViewCell.swift; sourceTree = "<group>"; };
		6D1475042278B746005C8173 /* PersistentService.swift */ = {isa = PBXFileReference; lastKnownFileType = sourcecode.swift; path = PersistentService.swift; sourceTree = "<group>"; };
		6D1475062278BA08005C8173 /* Movie+CoreDataClass.swift */ = {isa = PBXFileReference; lastKnownFileType = sourcecode.swift; path = "Movie+CoreDataClass.swift"; sourceTree = "<group>"; };
		6D1475072278BA08005C8173 /* Movie+CoreDataProperties.swift */ = {isa = PBXFileReference; lastKnownFileType = sourcecode.swift; path = "Movie+CoreDataProperties.swift"; sourceTree = "<group>"; };
		6D14750B2278BA89005C8173 /* APILogic.swift */ = {isa = PBXFileReference; lastKnownFileType = sourcecode.swift; path = APILogic.swift; sourceTree = "<group>"; };
		6D14750D2278BE6F005C8173 /* MovieCodeable.swift */ = {isa = PBXFileReference; lastKnownFileType = sourcecode.swift; path = MovieCodeable.swift; sourceTree = "<group>"; };
		6D14750F2278FE09005C8173 /* SplashScreenViewController.swift */ = {isa = PBXFileReference; lastKnownFileType = sourcecode.swift; path = SplashScreenViewController.swift; sourceTree = "<group>"; };
		6D147511227909EC005C8173 /* DetailsViewController.swift */ = {isa = PBXFileReference; lastKnownFileType = sourcecode.swift; path = DetailsViewController.swift; sourceTree = "<group>"; };
		6D1475132279943D005C8173 /* QReaderViewController.swift */ = {isa = PBXFileReference; lastKnownFileType = sourcecode.swift; path = QReaderViewController.swift; sourceTree = "<group>"; };
		6D14751522799FE6005C8173 /* QR+CoreDataClass.swift */ = {isa = PBXFileReference; lastKnownFileType = sourcecode.swift; path = "QR+CoreDataClass.swift"; sourceTree = "<group>"; };
		6D14751622799FE6005C8173 /* QR+CoreDataProperties.swift */ = {isa = PBXFileReference; lastKnownFileType = sourcecode.swift; path = "QR+CoreDataProperties.swift"; sourceTree = "<group>"; };
/* End PBXFileReference section */

/* Begin PBXFrameworksBuildPhase section */
		6D1474E42278B2EE005C8173 /* Frameworks */ = {
			isa = PBXFrameworksBuildPhase;
			buildActionMask = 2147483647;
			files = (
			);
			runOnlyForDeploymentPostprocessing = 0;
		};
/* End PBXFrameworksBuildPhase section */

/* Begin PBXGroup section */
		6D1474DE2278B2EE005C8173 = {
			isa = PBXGroup;
			children = (
				6D14751522799FE6005C8173 /* QR+CoreDataClass.swift */,
				6D14751622799FE6005C8173 /* QR+CoreDataProperties.swift */,
				6D1475062278BA08005C8173 /* Movie+CoreDataClass.swift */,
				6D1475072278BA08005C8173 /* Movie+CoreDataProperties.swift */,
				6D1474E92278B2EF005C8173 /* MovieListWithCoreData */,
				6D1474E82278B2EF005C8173 /* Products */,
			);
			sourceTree = "<group>";
		};
		6D1474E82278B2EF005C8173 /* Products */ = {
			isa = PBXGroup;
			children = (
				6D1474E72278B2EF005C8173 /* MovieListWithCoreData.app */,
			);
			name = Products;
			sourceTree = "<group>";
		};
		6D1474E92278B2EF005C8173 /* MovieListWithCoreData */ = {
			isa = PBXGroup;
			children = (
				6D14750A2278BA6E005C8173 /* ApiLogic */,
				6D1475012278B4B2005C8173 /* Modle */,
				6D1475002278B4A7005C8173 /* Controller */,
				6D1474FF2278B491005C8173 /* View */,
				6D1474EA2278B2EF005C8173 /* AppDelegate.swift */,
				6D1474F42278B2F7005C8173 /* Assets.xcassets */,
				6D1474F92278B2F7005C8173 /* Info.plist */,
				6D1474F12278B2EF005C8173 /* MovieListWithCoreData.xcdatamodeld */,
			);
			path = MovieListWithCoreData;
			sourceTree = "<group>";
		};
		6D1474FF2278B491005C8173 /* View */ = {
			isa = PBXGroup;
			children = (
				6D1474EE2278B2EF005C8173 /* Main.storyboard */,
				6D1474F62278B2F7005C8173 /* LaunchScreen.storyboard */,
			);
			path = View;
			sourceTree = "<group>";
		};
		6D1475002278B4A7005C8173 /* Controller */ = {
			isa = PBXGroup;
			children = (
				6D1474EC2278B2EF005C8173 /* ViewController.swift */,
				6D14750F2278FE09005C8173 /* SplashScreenViewController.swift */,
				6D147511227909EC005C8173 /* DetailsViewController.swift */,
				6D1475132279943D005C8173 /* QReaderViewController.swift */,
			);
			path = Controller;
			sourceTree = "<group>";
		};
		6D1475012278B4B2005C8173 /* Modle */ = {
			isa = PBXGroup;
			children = (
				6D1475022278B4E7005C8173 /* MovieDetailsTableViewCell.swift */,
				6D1475042278B746005C8173 /* PersistentService.swift */,
				6D14750D2278BE6F005C8173 /* MovieCodeable.swift */,
			);
			path = Modle;
			sourceTree = "<group>";
		};
		6D14750A2278BA6E005C8173 /* ApiLogic */ = {
			isa = PBXGroup;
			children = (
				6D14750B2278BA89005C8173 /* APILogic.swift */,
			);
			path = ApiLogic;
			sourceTree = "<group>";
		};
/* End PBXGroup section */

/* Begin PBXNativeTarget section */
		6D1474E62278B2EE005C8173 /* MovieListWithCoreData */ = {
			isa = PBXNativeTarget;
			buildConfigurationList = 6D1474FC2278B2F7005C8173 /* Build configuration list for PBXNativeTarget "MovieListWithCoreData" */;
			buildPhases = (
				6D1474E32278B2EE005C8173 /* Sources */,
				6D1474E42278B2EE005C8173 /* Frameworks */,
				6D1474E52278B2EE005C8173 /* Resources */,
			);
			buildRules = (
			);
			dependencies = (
			);
			name = MovieListWithCoreData;
			productName = MovieListWithCoreData;
			productReference = 6D1474E72278B2EF005C8173 /* MovieListWithCoreData.app */;
			productType = "com.apple.product-type.application";
		};
/* End PBXNativeTarget section */

/* Begin PBXProject section */
		6D1474DF2278B2EE005C8173 /* Project object */ = {
			isa = PBXProject;
			attributes = {
				LastSwiftUpdateCheck = 1000;
				LastUpgradeCheck = 1000;
				ORGANIZATIONNAME = erez8;
				TargetAttributes = {
					6D1474E62278B2EE005C8173 = {
						CreatedOnToolsVersion = 10.0;
					};
				};
			};
			buildConfigurationList = 6D1474E22278B2EE005C8173 /* Build configuration list for PBXProject "MovieListWithCoreData" */;
			compatibilityVersion = "Xcode 9.3";
			developmentRegion = en;
			hasScannedForEncodings = 0;
			knownRegions = (
				en,
				Base,
			);
			mainGroup = 6D1474DE2278B2EE005C8173;
			productRefGroup = 6D1474E82278B2EF005C8173 /* Products */;
			projectDirPath = "";
			projectRoot = "";
			targets = (
				6D1474E62278B2EE005C8173 /* MovieListWithCoreData */,
			);
		};
/* End PBXProject section */

/* Begin PBXResourcesBuildPhase section */
		6D1474E52278B2EE005C8173 /* Resources */ = {
			isa = PBXResourcesBuildPhase;
			buildActionMask = 2147483647;
			files = (
				6D1474F82278B2F7005C8173 /* LaunchScreen.storyboard in Resources */,
				6D1474F52278B2F7005C8173 /* Assets.xcassets in Resources */,
				6D1474F02278B2EF005C8173 /* Main.storyboard in Resources */,
			);
			runOnlyForDeploymentPostprocessing = 0;
		};
/* End PBXResourcesBuildPhase section */

/* Begin PBXSourcesBuildPhase section */
		6D1474E32278B2EE005C8173 /* Sources */ = {
			isa = PBXSourcesBuildPhase;
			buildActionMask = 2147483647;
			files = (
				6D1474ED2278B2EF005C8173 /* ViewController.swift in Sources */,
				6D14750C2278BA89005C8173 /* APILogic.swift in Sources */,
				6D14751822799FE6005C8173 /* QR+CoreDataProperties.swift in Sources */,
				6D1474EB2278B2EF005C8173 /* AppDelegate.swift in Sources */,
				6D147512227909EC005C8173 /* DetailsViewController.swift in Sources */,
				6D1475052278B747005C8173 /* PersistentService.swift in Sources */,
				6D14750E2278BE6F005C8173 /* MovieCodeable.swift in Sources */,
				6D1474F32278B2EF005C8173 /* MovieListWithCoreData.xcdatamodeld in Sources */,
				6D1475082278BA08005C8173 /* Movie+CoreDataClass.swift in Sources */,
				6D1475092278BA08005C8173 /* Movie+CoreDataProperties.swift in Sources */,
				6D1475142279943D005C8173 /* QReaderViewController.swift in Sources */,
				6D14751722799FE6005C8173 /* QR+CoreDataClass.swift in Sources */,
				6D1475102278FE09005C8173 /* SplashScreenViewController.swift in Sources */,
				6D1475032278B4E7005C8173 /* MovieDetailsTableViewCell.swift in Sources */,
			);
			runOnlyForDeploymentPostprocessing = 0;
		};
/* End PBXSourcesBuildPhase section */

/* Begin PBXVariantGroup section */
		6D1474EE2278B2EF005C8173 /* Main.storyboard */ = {
			isa = PBXVariantGroup;
			children = (
				6D1474EF2278B2EF005C8173 /* Base */,
			);
			name = Main.storyboard;
			sourceTree = "<group>";
		};
		6D1474F62278B2F7005C8173 /* LaunchScreen.storyboard */ = {
			isa = PBXVariantGroup;
			children = (
				6D1474F72278B2F7005C8173 /* Base */,
			);
			name = LaunchScreen.storyboard;
			sourceTree = "<group>";
		};
/* End PBXVariantGroup section */

/* Begin XCBuildConfiguration section */
		6D1474FA2278B2F7005C8173 /* Debug */ = {
			isa = XCBuildConfiguration;
			buildSettings = {
				ALWAYS_SEARCH_USER_PATHS = NO;
				CLANG_ANALYZER_NONNULL = YES;
				CLANG_ANALYZER_NUMBER_OBJECT_CONVERSION = YES_AGGRESSIVE;
				CLANG_CXX_LANGUAGE_STANDARD = "gnu++14";
				CLANG_CXX_LIBRARY = "libc++";
				CLANG_ENABLE_MODULES = YES;
				CLANG_ENABLE_OBJC_ARC = YES;
				CLANG_ENABLE_OBJC_WEAK = YES;
				CLANG_WARN_BLOCK_CAPTURE_AUTORELEASING = YES;
				CLANG_WARN_BOOL_CONVERSION = YES;
				CLANG_WARN_COMMA = YES;
				CLANG_WARN_CONSTANT_CONVERSION = YES;
				CLANG_WARN_DEPRECATED_OBJC_IMPLEMENTATIONS = YES;
				CLANG_WARN_DIRECT_OBJC_ISA_USAGE = YES_ERROR;
				CLANG_WARN_DOCUMENTATION_COMMENTS = YES;
				CLANG_WARN_EMPTY_BODY = YES;
				CLANG_WARN_ENUM_CONVERSION = YES;
				CLANG_WARN_INFINITE_RECURSION = YES;
				CLANG_WARN_INT_CONVERSION = YES;
				CLANG_WARN_NON_LITERAL_NULL_CONVERSION = YES;
				CLANG_WARN_OBJC_IMPLICIT_RETAIN_SELF = YES;
				CLANG_WARN_OBJC_LITERAL_CONVERSION = YES;
				CLANG_WARN_OBJC_ROOT_CLASS = YES_ERROR;
				CLANG_WARN_RANGE_LOOP_ANALYSIS = YES;
				CLANG_WARN_STRICT_PROTOTYPES = YES;
				CLANG_WARN_SUSPICIOUS_MOVE = YES;
				CLANG_WARN_UNGUARDED_AVAILABILITY = YES_AGGRESSIVE;
				CLANG_WARN_UNREACHABLE_CODE = YES;
				CLANG_WARN__DUPLICATE_METHOD_MATCH = YES;
				CODE_SIGN_IDENTITY = "iPhone Developer";
				COPY_PHASE_STRIP = NO;
				DEBUG_INFORMATION_FORMAT = dwarf;
				ENABLE_STRICT_OBJC_MSGSEND = YES;
				ENABLE_TESTABILITY = YES;
				GCC_C_LANGUAGE_STANDARD = gnu11;
				GCC_DYNAMIC_NO_PIC = NO;
				GCC_NO_COMMON_BLOCKS = YES;
				GCC_OPTIMIZATION_LEVEL = 0;
				GCC_PREPROCESSOR_DEFINITIONS = (
					"DEBUG=1",
					"$(inherited)",
				);
				GCC_WARN_64_TO_32_BIT_CONVERSION = YES;
				GCC_WARN_ABOUT_RETURN_TYPE = YES_ERROR;
				GCC_WARN_UNDECLARED_SELECTOR = YES;
				GCC_WARN_UNINITIALIZED_AUTOS = YES_AGGRESSIVE;
				GCC_WARN_UNUSED_FUNCTION = YES;
				GCC_WARN_UNUSED_VARIABLE = YES;
				IPHONEOS_DEPLOYMENT_TARGET = 12.0;
				MTL_ENABLE_DEBUG_INFO = INCLUDE_SOURCE;
				MTL_FAST_MATH = YES;
				ONLY_ACTIVE_ARCH = YES;
				SDKROOT = iphoneos;
				SWIFT_ACTIVE_COMPILATION_CONDITIONS = DEBUG;
				SWIFT_OPTIMIZATION_LEVEL = "-Onone";
			};
			name = Debug;
		};
		6D1474FB2278B2F7005C8173 /* Release */ = {
			isa = XCBuildConfiguration;
			buildSettings = {
				ALWAYS_SEARCH_USER_PATHS = NO;
				CLANG_ANALYZER_NONNULL = YES;
				CLANG_ANALYZER_NUMBER_OBJECT_CONVERSION = YES_AGGRESSIVE;
				CLANG_CXX_LANGUAGE_STANDARD = "gnu++14";
				CLANG_CXX_LIBRARY = "libc++";
				CLANG_ENABLE_MODULES = YES;
				CLANG_ENABLE_OBJC_ARC = YES;
				CLANG_ENABLE_OBJC_WEAK = YES;
				CLANG_WARN_BLOCK_CAPTURE_AUTORELEASING = YES;
				CLANG_WARN_BOOL_CONVERSION = YES;
				CLANG_WARN_COMMA = YES;
				CLANG_WARN_CONSTANT_CONVERSION = YES;
				CLANG_WARN_DEPRECATED_OBJC_IMPLEMENTATIONS = YES;
				CLANG_WARN_DIRECT_OBJC_ISA_USAGE = YES_ERROR;
				CLANG_WARN_DOCUMENTATION_COMMENTS = YES;
				CLANG_WARN_EMPTY_BODY = YES;
				CLANG_WARN_ENUM_CONVERSION = YES;
				CLANG_WARN_INFINITE_RECURSION = YES;
				CLANG_WARN_INT_CONVERSION = YES;
				CLANG_WARN_NON_LITERAL_NULL_CONVERSION = YES;
				CLANG_WARN_OBJC_IMPLICIT_RETAIN_SELF = YES;
				CLANG_WARN_OBJC_LITERAL_CONVERSION = YES;
				CLANG_WARN_OBJC_ROOT_CLASS = YES_ERROR;
				CLANG_WARN_RANGE_LOOP_ANALYSIS = YES;
				CLANG_WARN_STRICT_PROTOTYPES = YES;
				CLANG_WARN_SUSPICIOUS_MOVE = YES;
				CLANG_WARN_UNGUARDED_AVAILABILITY = YES_AGGRESSIVE;
				CLANG_WARN_UNREACHABLE_CODE = YES;
				CLANG_WARN__DUPLICATE_METHOD_MATCH = YES;
				CODE_SIGN_IDENTITY = "iPhone Developer";
				COPY_PHASE_STRIP = NO;
				DEBUG_INFORMATION_FORMAT = "dwarf-with-dsym";
				ENABLE_NS_ASSERTIONS = NO;
				ENABLE_STRICT_OBJC_MSGSEND = YES;
				GCC_C_LANGUAGE_STANDARD = gnu11;
				GCC_NO_COMMON_BLOCKS = YES;
				GCC_WARN_64_TO_32_BIT_CONVERSION = YES;
				GCC_WARN_ABOUT_RETURN_TYPE = YES_ERROR;
				GCC_WARN_UNDECLARED_SELECTOR = YES;
				GCC_WARN_UNINITIALIZED_AUTOS = YES_AGGRESSIVE;
				GCC_WARN_UNUSED_FUNCTION = YES;
				GCC_WARN_UNUSED_VARIABLE = YES;
				IPHONEOS_DEPLOYMENT_TARGET = 12.0;
				MTL_ENABLE_DEBUG_INFO = NO;
				MTL_FAST_MATH = YES;
				SDKROOT = iphoneos;
				SWIFT_COMPILATION_MODE = wholemodule;
				SWIFT_OPTIMIZATION_LEVEL = "-O";
				VALIDATE_PRODUCT = YES;
			};
			name = Release;
		};
		6D1474FD2278B2F7005C8173 /* Debug */ = {
			isa = XCBuildConfiguration;
			buildSettings = {
				ASSETCATALOG_COMPILER_APPICON_NAME = AppIcon;
				CODE_SIGN_STYLE = Automatic;
				INFOPLIST_FILE = MovieListWithCoreData/Info.plist;
				LD_RUNPATH_SEARCH_PATHS = (
					"$(inherited)",
					"@executable_path/Frameworks",
				);
				PRODUCT_BUNDLE_IDENTIFIER = com.erez.MovieListWithCoreData;
				PRODUCT_NAME = "$(TARGET_NAME)";
				SWIFT_VERSION = 4.2;
				TARGETED_DEVICE_FAMILY = "1,2";
			};
			name = Debug;
		};
		6D1474FE2278B2F7005C8173 /* Release */ = {
			isa = XCBuildConfiguration;
			buildSettings = {
				ASSETCATALOG_COMPILER_APPICON_NAME = AppIcon;
				CODE_SIGN_STYLE = Automatic;
				INFOPLIST_FILE = MovieListWithCoreData/Info.plist;
				LD_RUNPATH_SEARCH_PATHS = (
					"$(inherited)",
					"@executable_path/Frameworks",
				);
				PRODUCT_BUNDLE_IDENTIFIER = com.erez.MovieListWithCoreData;
				PRODUCT_NAME = "$(TARGET_NAME)";
				SWIFT_VERSION = 4.2;
				TARGETED_DEVICE_FAMILY = "1,2";
			};
			name = Release;
		};
/* End XCBuildConfiguration section */

/* Begin XCConfigurationList section */
		6D1474E22278B2EE005C8173 /* Build configuration list for PBXProject "MovieListWithCoreData" */ = {
			isa = XCConfigurationList;
			buildConfigurations = (
				6D1474FA2278B2F7005C8173 /* Debug */,
				6D1474FB2278B2F7005C8173 /* Release */,
			);
			defaultConfigurationIsVisible = 0;
			defaultConfigurationName = Release;
		};
		6D1474FC2278B2F7005C8173 /* Build configuration list for PBXNativeTarget "MovieListWithCoreData" */ = {
			isa = XCConfigurationList;
			buildConfigurations = (
				6D1474FD2278B2F7005C8173 /* Debug */,
				6D1474FE2278B2F7005C8173 /* Release */,
			);
			defaultConfigurationIsVisible = 0;
			defaultConfigurationName = Release;
		};
/* End XCConfigurationList section */

/* Begin XCVersionGroup section */
		6D1474F12278B2EF005C8173 /* MovieListWithCoreData.xcdatamodeld */ = {
			isa = XCVersionGroup;
			children = (
				6D1474F22278B2EF005C8173 /* MovieListWithCoreData.xcdatamodel */,
			);
			currentVersion = 6D1474F22278B2EF005C8173 /* MovieListWithCoreData.xcdatamodel */;
			path = MovieListWithCoreData.xcdatamodeld;
			sourceTree = "<group>";
			versionGroupType = wrapper.xcdatamodel;
		};
/* End XCVersionGroup section */
	};
	rootObject = 6D1474DF2278B2EE005C8173 /* Project object */;
}
